{
  "name": "OrbitControl",
  "version": "1.0.0",
  "lockfileVersion": 1,
  "requires": true,
  "dependencies": {
    "@types/node": {
      "version": "8.0.51",
      "resolved": "https://registry.npmjs.org/@types/node/-/node-8.0.51.tgz",
      "integrity": "sha512-El3+WJk2D/ppWNd2X05aiP5l2k4EwF7KwheknQZls+I26eSICoWRhRIJ56jGgw2dqNGQ5LtNajmBU2ajS28EvQ==",
      "dev": true
    },
    "@types/three": {
      "version": "0.84.30",
      "resolved": "https://registry.npmjs.org/@types/three/-/three-0.84.30.tgz",
      "integrity": "sha512-QIS00ssjt6vyPut+I3H5vYJkIfUPLdKcaUn43Xh/nujHPbKEH2vPBHpH1kaGOqMhsQQD/wOBwWL7ky4ptQWObg==",
      "dev": true,
      "requires": {
        "@types/webvr-api": "0.0.31"
      }
    },
    "@types/webvr-api": {
      "version": "0.0.31",
      "resolved": "https://registry.npmjs.org/@types/webvr-api/-/webvr-api-0.0.31.tgz",
      "integrity": "sha1-9gYf6IoDXTSotqDFX4dYkB7IoI4=",
      "dev": true
    },
    "three": {
      "version": "0.88.0",
      "resolved": "https://registry.npmjs.org/three/-/three-0.88.0.tgz",
      "integrity": "sha1-QlbC/Djk+yOg0j66K2zOTfjkZtU="
    },
    "typescript": {
      "version": "2.6.1",
      "resolved": "https://registry.npmjs.org/typescript/-/typescript-2.6.1.tgz",
      "integrity": "sha1-7znN6ierrAtQAkLWcmq5DgyEZjE=",
      "dev": true
    }
  }
}
